
Microsoft Visual Studio Solution File, Format Version 12.00
# Visual Studio Version 17
VisualStudioVersion = 17.4.33103.184
MinimumVisualStudioVersion = 10.0.40219.1
Project("{FAE04EC0-301F-11D3-BF4B-00C04F79EFBC}") = "CongestionTaxCalculator.Tests", "CongestionTaxCalculator.Tests\CongestionTaxCalculator.Tests.csproj", "{9CC805DE-C3A0-4174-9C37-76DE00F2E4D3}"
EndProject
Global
	GlobalSection(SolutionConfigurationPlatforms) = preSolution
		Debug|Any CPU = Debug|Any CPU
		Release|Any CPU = Release|Any CPU
	EndGlobalSection
	GlobalSection(ProjectConfigurationPlatforms) = postSolution
		{9CC805DE-C3A0-4174-9C37-76DE00F2E4D3}.Debug|Any CPU.ActiveCfg = Debug|Any CPU
		{9CC805DE-C3A0-4174-9C37-76DE00F2E4D3}.Debug|Any CPU.Build.0 = Debug|Any CPU
		{9CC805DE-C3A0-4174-9C37-76DE00F2E4D3}.Release|Any CPU.ActiveCfg = Release|Any CPU
		{9CC805DE-C3A0-4174-9C37-76DE00F2E4D3}.Release|Any CPU.Build.0 = Release|Any CPU
	EndGlobalSection
	GlobalSection(SolutionProperties) = preSolution
		HideSolutionNode = FALSE
	EndGlobalSection
	GlobalSection(ExtensibilityGlobals) = postSolution
		SolutionGuid = {9BAF3CB5-6908-430A-B10D-F610E038C111}
	EndGlobalSection
EndGlobal
